
Microsoft Visual Studio Solution File, Format Version 12.00
# Visual Studio Version 17
VisualStudioVersion = 17.1.32319.34
MinimumVisualStudioVersion = 10.0.40219.1
Project("{9A19103F-16F7-4668-BE54-9A1E7A4F7556}") = "OEOAdmin", "OEOAdmin\OEOAdmin.csproj", "{C1571342-B0C8-4026-A429-91EDF8BF9483}"
EndProject
Project("{FAE04EC0-301F-11D3-BF4B-00C04F79EFBC}") = "OEORegister", "OEORegister\OEORegister.csproj", "{45D231FF-DDC8-41BA-9443-AB56C0F572F6}"
EndProject
Project("{FAE04EC0-301F-11D3-BF4B-00C04F79EFBC}") = "OEOCommon", "OEOCommon\OEOCommon.csproj", "{CCDFE545-FDC7-4ED9-9573-15727D2B4FDA}"
EndProject
Global
	GlobalSection(SolutionConfigurationPlatforms) = preSolution
		Debug|Any CPU = Debug|Any CPU
		Release|Any CPU = Release|Any CPU
	EndGlobalSection
	GlobalSection(ProjectConfigurationPlatforms) = postSolution
		{C1571342-B0C8-4026-A429-91EDF8BF9483}.Debug|Any CPU.ActiveCfg = Debug|Any CPU
		{C1571342-B0C8-4026-A429-91EDF8BF9483}.Debug|Any CPU.Build.0 = Debug|Any CPU
		{C1571342-B0C8-4026-A429-91EDF8BF9483}.Release|Any CPU.ActiveCfg = Release|Any CPU
		{C1571342-B0C8-4026-A429-91EDF8BF9483}.Release|Any CPU.Build.0 = Release|Any CPU
		{45D231FF-DDC8-41BA-9443-AB56C0F572F6}.Debug|Any CPU.ActiveCfg = Debug|Any CPU
		{45D231FF-DDC8-41BA-9443-AB56C0F572F6}.Debug|Any CPU.Build.0 = Debug|Any CPU
		{45D231FF-DDC8-41BA-9443-AB56C0F572F6}.Release|Any CPU.ActiveCfg = Release|Any CPU
		{45D231FF-DDC8-41BA-9443-AB56C0F572F6}.Release|Any CPU.Build.0 = Release|Any CPU
		{CCDFE545-FDC7-4ED9-9573-15727D2B4FDA}.Debug|Any CPU.ActiveCfg = Debug|Any CPU
		{CCDFE545-FDC7-4ED9-9573-15727D2B4FDA}.Debug|Any CPU.Build.0 = Debug|Any CPU
		{CCDFE545-FDC7-4ED9-9573-15727D2B4FDA}.Release|Any CPU.ActiveCfg = Release|Any CPU
		{CCDFE545-FDC7-4ED9-9573-15727D2B4FDA}.Release|Any CPU.Build.0 = Release|Any CPU
	EndGlobalSection
	GlobalSection(SolutionProperties) = preSolution
		HideSolutionNode = FALSE
	EndGlobalSection
	GlobalSection(ExtensibilityGlobals) = postSolution
		SolutionGuid = {40104B7E-ED27-40B1-9701-B92BB67FA940}
	EndGlobalSection
EndGlobal
